// !$*UTF8*$!
{
	archiveVersion = 1;
	classes = {
	};
	objectVersion = 46;
	objects = {

/* Begin PBXBuildFile section */
		42A9454A1F3D8DC4007C65A3 /* AppDelegate.swift in Sources */ = {isa = PBXBuildFile; fileRef = 42A945491F3D8DC4007C65A3 /* AppDelegate.swift */; };
		42A9454C1F3D8DC4007C65A3 /* ViewController.swift in Sources */ = {isa = PBXBuildFile; fileRef = 42A9454B1F3D8DC4007C65A3 /* ViewController.swift */; };
		42A9454F1F3D8DC4007C65A3 /* Main.storyboard in Resources */ = {isa = PBXBuildFile; fileRef = 42A9454D1F3D8DC4007C65A3 /* Main.storyboard */; };
		42A945511F3D8DC4007C65A3 /* Assets.xcassets in Resources */ = {isa = PBXBuildFile; fileRef = 42A945501F3D8DC4007C65A3 /* Assets.xcassets */; };
		42A945541F3D8DC4007C65A3 /* LaunchScreen.storyboard in Resources */ = {isa = PBXBuildFile; fileRef = 42A945521F3D8DC4007C65A3 /* LaunchScreen.storyboard */; };
		42A9455F1F3D8DC5007C65A3 /* ExampleUITests.swift in Sources */ = {isa = PBXBuildFile; fileRef = 42A9455E1F3D8DC5007C65A3 /* ExampleUITests.swift */; };
		42A9457B1F3DA792007C65A3 /* AppDelegate.swift in Sources */ = {isa = PBXBuildFile; fileRef = 42A9456B1F3DA792007C65A3 /* AppDelegate.swift */; };
		42A9457C1F3DA792007C65A3 /* BasicCollectionViewCell.swift in Sources */ = {isa = PBXBuildFile; fileRef = 42A9456D1F3DA792007C65A3 /* BasicCollectionViewCell.swift */; };
		42A9457D1F3DA792007C65A3 /* CollectionViewController.swift in Sources */ = {isa = PBXBuildFile; fileRef = 42A9456E1F3DA792007C65A3 /* CollectionViewController.swift */; };
		42A9457E1F3DA792007C65A3 /* PlaceholdersProvider.swift in Sources */ = {isa = PBXBuildFile; fileRef = 42A9456F1F3DA792007C65A3 /* PlaceholdersProvider.swift */; };
		42A9457F1F3DA792007C65A3 /* LaunchScreen.xib in Resources */ = {isa = PBXBuildFile; fileRef = 42A945711F3DA792007C65A3 /* LaunchScreen.xib */; };
		42A945801F3DA792007C65A3 /* Main.storyboard in Resources */ = {isa = PBXBuildFile; fileRef = 42A945731F3DA792007C65A3 /* Main.storyboard */; };
		42A945811F3DA792007C65A3 /* Images.xcassets in Resources */ = {isa = PBXBuildFile; fileRef = 42A945751F3DA792007C65A3 /* Images.xcassets */; };
		42A945821F3DA792007C65A3 /* Info.plist in Resources */ = {isa = PBXBuildFile; fileRef = 42A945761F3DA792007C65A3 /* Info.plist */; };
		42A945831F3DA792007C65A3 /* ExampleTableViewCell.swift in Sources */ = {isa = PBXBuildFile; fileRef = 42A945781F3DA792007C65A3 /* ExampleTableViewCell.swift */; };
		42A945841F3DA792007C65A3 /* ExampleTableViewCell.xib in Resources */ = {isa = PBXBuildFile; fileRef = 42A945791F3DA792007C65A3 /* ExampleTableViewCell.xib */; };
		42A945851F3DA792007C65A3 /* TableViewController.swift in Sources */ = {isa = PBXBuildFile; fileRef = 42A9457A1F3DA792007C65A3 /* TableViewController.swift */; };
		44E81071B1D5206B8AD6AB38 /* Pods_ExampleUITests.framework in Frameworks */ = {isa = PBXBuildFile; fileRef = 01C38A8E487A9472B8874BC7 /* Pods_ExampleUITests.framework */; };
		664550C2319A2B3A35C71402 /* Pods_Example.framework in Frameworks */ = {isa = PBXBuildFile; fileRef = 3740A56B06B281051846C6FB /* Pods_Example.framework */; };
/* End PBXBuildFile section */

/* Begin PBXContainerItemProxy section */
		42A9455B1F3D8DC5007C65A3 /* PBXContainerItemProxy */ = {
			isa = PBXContainerItemProxy;
			containerPortal = 42A9453E1F3D8DC4007C65A3 /* Project object */;
			proxyType = 1;
			remoteGlobalIDString = 42A945451F3D8DC4007C65A3;
			remoteInfo = Example;
		};
/* End PBXContainerItemProxy section */

/* Begin PBXFileReference section */
		01C38A8E487A9472B8874BC7 /* Pods_ExampleUITests.framework */ = {isa = PBXFileReference; explicitFileType = wrapper.framework; includeInIndex = 0; path = Pods_ExampleUITests.framework; sourceTree = BUILT_PRODUCTS_DIR; };
		163CD56686E4D3898D4DAA8E /* Pods-ExampleUITests.release.xcconfig */ = {isa = PBXFileReference; includeInIndex = 1; lastKnownFileType = text.xcconfig; name = "Pods-ExampleUITests.release.xcconfig"; path = "Pods/Target Support Files/Pods-ExampleUITests/Pods-ExampleUITests.release.xcconfig"; sourceTree = "<group>"; };
		1AFAAD1F8AF710861ED2D1CF /* Pods-Example.debug.xcconfig */ = {isa = PBXFileReference; includeInIndex = 1; lastKnownFileType = text.xcconfig; name = "Pods-Example.debug.xcconfig"; path = "Pods/Target Support Files/Pods-Example/Pods-Example.debug.xcconfig"; sourceTree = "<group>"; };
		3740A56B06B281051846C6FB /* Pods_Example.framework */ = {isa = PBXFileReference; explicitFileType = wrapper.framework; includeInIndex = 0; path = Pods_Example.framework; sourceTree = BUILT_PRODUCTS_DIR; };
		42A945461F3D8DC4007C65A3 /* Example.app */ = {isa = PBXFileReference; explicitFileType = wrapper.application; includeInIndex = 0; path = Example.app; sourceTree = BUILT_PRODUCTS_DIR; };
		42A945491F3D8DC4007C65A3 /* AppDelegate.swift */ = {isa = PBXFileReference; lastKnownFileType = sourcecode.swift; path = AppDelegate.swift; sourceTree = "<group>"; };
		42A9454B1F3D8DC4007C65A3 /* ViewController.swift */ = {isa = PBXFileReference; lastKnownFileType = sourcecode.swift; path = ViewController.swift; sourceTree = "<group>"; };
		42A9454E1F3D8DC4007C65A3 /* Base */ = {isa = PBXFileReference; lastKnownFileType = file.storyboard; name = Base; path = Base.lproj/Main.storyboard; sourceTree = "<group>"; };
		42A945501F3D8DC4007C65A3 /* Assets.xcassets */ = {isa = PBXFileReference; lastKnownFileType = folder.assetcatalog; path = Assets.xcassets; sourceTree = "<group>"; };
		42A945531F3D8DC4007C65A3 /* Base */ = {isa = PBXFileReference; lastKnownFileType = file.storyboard; name = Base; path = Base.lproj/LaunchScreen.storyboard; sourceTree = "<group>"; };
		42A945551F3D8DC4007C65A3 /* Info.plist */ = {isa = PBXFileReference; lastKnownFileType = text.plist.xml; path = Info.plist; sourceTree = "<group>"; };
		42A9455A1F3D8DC5007C65A3 /* ExampleUITests.xctest */ = {isa = PBXFileReference; explicitFileType = wrapper.cfbundle; includeInIndex = 0; path = ExampleUITests.xctest; sourceTree = BUILT_PRODUCTS_DIR; };
		42A9455E1F3D8DC5007C65A3 /* ExampleUITests.swift */ = {isa = PBXFileReference; lastKnownFileType = sourcecode.swift; path = ExampleUITests.swift; sourceTree = "<group>"; };
		42A945601F3D8DC5007C65A3 /* Info.plist */ = {isa = PBXFileReference; lastKnownFileType = text.plist.xml; path = Info.plist; sourceTree = "<group>"; };
		42A9456B1F3DA792007C65A3 /* AppDelegate.swift */ = {isa = PBXFileReference; fileEncoding = 4; lastKnownFileType = sourcecode.swift; path = AppDelegate.swift; sourceTree = "<group>"; };
		42A9456D1F3DA792007C65A3 /* BasicCollectionViewCell.swift */ = {isa = PBXFileReference; fileEncoding = 4; lastKnownFileType = sourcecode.swift; path = BasicCollectionViewCell.swift; sourceTree = "<group>"; };
		42A9456E1F3DA792007C65A3 /* CollectionViewController.swift */ = {isa = PBXFileReference; fileEncoding = 4; lastKnownFileType = sourcecode.swift; path = CollectionViewController.swift; sourceTree = "<group>"; };
		42A9456F1F3DA792007C65A3 /* PlaceholdersProvider.swift */ = {isa = PBXFileReference; fileEncoding = 4; lastKnownFileType = sourcecode.swift; path = PlaceholdersProvider.swift; sourceTree = "<group>"; };
		42A945721F3DA792007C65A3 /* Base */ = {isa = PBXFileReference; lastKnownFileType = file.xib; name = Base; path = Base.lproj/LaunchScreen.xib; sourceTree = "<group>"; };
		42A945741F3DA792007C65A3 /* Base */ = {isa = PBXFileReference; lastKnownFileType = file.storyboard; name = Base; path = Base.lproj/Main.storyboard; sourceTree = "<group>"; };
		42A945751F3DA792007C65A3 /* Images.xcassets */ = {isa = PBXFileReference; lastKnownFileType = folder.assetcatalog; path = Images.xcassets; sourceTree = "<group>"; };
		42A945761F3DA792007C65A3 /* Info.plist */ = {isa = PBXFileReference; fileEncoding = 4; lastKnownFileType = text.plist.xml; path = Info.plist; sourceTree = "<group>"; };
		42A945781F3DA792007C65A3 /* ExampleTableViewCell.swift */ = {isa = PBXFileReference; fileEncoding = 4; lastKnownFileType = sourcecode.swift; path = ExampleTableViewCell.swift; sourceTree = "<group>"; };
		42A945791F3DA792007C65A3 /* ExampleTableViewCell.xib */ = {isa = PBXFileReference; fileEncoding = 4; lastKnownFileType = file.xib; path = ExampleTableViewCell.xib; sourceTree = "<group>"; };
		42A9457A1F3DA792007C65A3 /* TableViewController.swift */ = {isa = PBXFileReference; fileEncoding = 4; lastKnownFileType = sourcecode.swift; path = TableViewController.swift; sourceTree = "<group>"; };
		A648AEE3763BA6C48E1B9771 /* Pods-Example.release.xcconfig */ = {isa = PBXFileReference; includeInIndex = 1; lastKnownFileType = text.xcconfig; name = "Pods-Example.release.xcconfig"; path = "Pods/Target Support Files/Pods-Example/Pods-Example.release.xcconfig"; sourceTree = "<group>"; };
		B5921802BD77C6BB0A293AE5 /* Pods-ExampleUITests.debug.xcconfig */ = {isa = PBXFileReference; includeInIndex = 1; lastKnownFileType = text.xcconfig; name = "Pods-ExampleUITests.debug.xcconfig"; path = "Pods/Target Support Files/Pods-ExampleUITests/Pods-ExampleUITests.debug.xcconfig"; sourceTree = "<group>"; };
/* End PBXFileReference section */

/* Begin PBXFrameworksBuildPhase section */
		42A945431F3D8DC4007C65A3 /* Frameworks */ = {
			isa = PBXFrameworksBuildPhase;
			buildActionMask = 2147483647;
			files = (
				664550C2319A2B3A35C71402 /* Pods_Example.framework in Frameworks */,
			);
			runOnlyForDeploymentPostprocessing = 0;
		};
		42A945571F3D8DC5007C65A3 /* Frameworks */ = {
			isa = PBXFrameworksBuildPhase;
			buildActionMask = 2147483647;
			files = (
				44E81071B1D5206B8AD6AB38 /* Pods_ExampleUITests.framework in Frameworks */,
			);
			runOnlyForDeploymentPostprocessing = 0;
		};
/* End PBXFrameworksBuildPhase section */

/* Begin PBXGroup section */
		42A9453D1F3D8DC4007C65A3 = {
			isa = PBXGroup;
			children = (
				42A945481F3D8DC4007C65A3 /* Example */,
				42A9455D1F3D8DC5007C65A3 /* ExampleUITests */,
				42A945471F3D8DC4007C65A3 /* Products */,
				49B30F3E962BE6217DE3D294 /* Pods */,
				CCA48AEA195E9153BC4EC18A /* Frameworks */,
			);
			sourceTree = "<group>";
		};
		42A945471F3D8DC4007C65A3 /* Products */ = {
			isa = PBXGroup;
			children = (
				42A945461F3D8DC4007C65A3 /* Example.app */,
				42A9455A1F3D8DC5007C65A3 /* ExampleUITests.xctest */,
			);
			name = Products;
			sourceTree = "<group>";
		};
		42A945481F3D8DC4007C65A3 /* Example */ = {
			isa = PBXGroup;
			children = (
				42A945691F3DA792007C65A3 /* HGPlaceholders */,
				42A945491F3D8DC4007C65A3 /* AppDelegate.swift */,
				42A9454B1F3D8DC4007C65A3 /* ViewController.swift */,
				42A9454D1F3D8DC4007C65A3 /* Main.storyboard */,
				42A945501F3D8DC4007C65A3 /* Assets.xcassets */,
				42A945521F3D8DC4007C65A3 /* LaunchScreen.storyboard */,
				42A945551F3D8DC4007C65A3 /* Info.plist */,
			);
			path = Example;
			sourceTree = "<group>";
		};
		42A9455D1F3D8DC5007C65A3 /* ExampleUITests */ = {
			isa = PBXGroup;
			children = (
				42A9455E1F3D8DC5007C65A3 /* ExampleUITests.swift */,
				42A945601F3D8DC5007C65A3 /* Info.plist */,
			);
			path = ExampleUITests;
			sourceTree = "<group>";
		};
		42A945691F3DA792007C65A3 /* HGPlaceholders */ = {
			isa = PBXGroup;
			children = (
				42A9456A1F3DA792007C65A3 /* AppDelegate */,
				42A9456C1F3DA792007C65A3 /* CollectionViewExample */,
				42A9456F1F3DA792007C65A3 /* PlaceholdersProvider.swift */,
				42A945701F3DA792007C65A3 /* Resources */,
				42A945771F3DA792007C65A3 /* TableViewExample */,
			);
			path = HGPlaceholders;
			sourceTree = "<group>";
		};
		42A9456A1F3DA792007C65A3 /* AppDelegate */ = {
			isa = PBXGroup;
			children = (
				42A9456B1F3DA792007C65A3 /* AppDelegate.swift */,
			);
			path = AppDelegate;
			sourceTree = "<group>";
		};
		42A9456C1F3DA792007C65A3 /* CollectionViewExample */ = {
			isa = PBXGroup;
			children = (
				42A9456D1F3DA792007C65A3 /* BasicCollectionViewCell.swift */,
				42A9456E1F3DA792007C65A3 /* CollectionViewController.swift */,
			);
			path = CollectionViewExample;
			sourceTree = "<group>";
		};
		42A945701F3DA792007C65A3 /* Resources */ = {
			isa = PBXGroup;
			children = (
				42A945711F3DA792007C65A3 /* LaunchScreen.xib */,
				42A945731F3DA792007C65A3 /* Main.storyboard */,
				42A945751F3DA792007C65A3 /* Images.xcassets */,
				42A945761F3DA792007C65A3 /* Info.plist */,
			);
			path = Resources;
			sourceTree = "<group>";
		};
		42A945771F3DA792007C65A3 /* TableViewExample */ = {
			isa = PBXGroup;
			children = (
				42A945781F3DA792007C65A3 /* ExampleTableViewCell.swift */,
				42A945791F3DA792007C65A3 /* ExampleTableViewCell.xib */,
				42A9457A1F3DA792007C65A3 /* TableViewController.swift */,
			);
			path = TableViewExample;
			sourceTree = "<group>";
		};
		49B30F3E962BE6217DE3D294 /* Pods */ = {
			isa = PBXGroup;
			children = (
				1AFAAD1F8AF710861ED2D1CF /* Pods-Example.debug.xcconfig */,
				A648AEE3763BA6C48E1B9771 /* Pods-Example.release.xcconfig */,
				B5921802BD77C6BB0A293AE5 /* Pods-ExampleUITests.debug.xcconfig */,
				163CD56686E4D3898D4DAA8E /* Pods-ExampleUITests.release.xcconfig */,
			);
			name = Pods;
			sourceTree = "<group>";
		};
		CCA48AEA195E9153BC4EC18A /* Frameworks */ = {
			isa = PBXGroup;
			children = (
				3740A56B06B281051846C6FB /* Pods_Example.framework */,
				01C38A8E487A9472B8874BC7 /* Pods_ExampleUITests.framework */,
			);
			name = Frameworks;
			sourceTree = "<group>";
		};
/* End PBXGroup section */

/* Begin PBXNativeTarget section */
		42A945451F3D8DC4007C65A3 /* Example */ = {
			isa = PBXNativeTarget;
			buildConfigurationList = 42A945631F3D8DC5007C65A3 /* Build configuration list for PBXNativeTarget "Example" */;
			buildPhases = (
				41EE9D4A02C674703D0B0321 /* [CP] Check Pods Manifest.lock */,
				42A945421F3D8DC4007C65A3 /* Sources */,
				42A945431F3D8DC4007C65A3 /* Frameworks */,
				42A945441F3D8DC4007C65A3 /* Resources */,
				D4E1BA4786416DD6F5CDF7E0 /* [CP] Embed Pods Frameworks */,
				26688DCE6437405CB3B9E9E1 /* [CP] Copy Pods Resources */,
			);
			buildRules = (
			);
			dependencies = (
			);
			name = Example;
			productName = Example;
			productReference = 42A945461F3D8DC4007C65A3 /* Example.app */;
			productType = "com.apple.product-type.application";
		};
		42A945591F3D8DC5007C65A3 /* ExampleUITests */ = {
			isa = PBXNativeTarget;
			buildConfigurationList = 42A945661F3D8DC5007C65A3 /* Build configuration list for PBXNativeTarget "ExampleUITests" */;
			buildPhases = (
				F88BF5B48A0A37148F82ADE0 /* [CP] Check Pods Manifest.lock */,
				42A945561F3D8DC5007C65A3 /* Sources */,
				42A945571F3D8DC5007C65A3 /* Frameworks */,
				42A945581F3D8DC5007C65A3 /* Resources */,
				C2FC80F43293E6E50DC25F9A /* [CP] Embed Pods Frameworks */,
				D52BDD815670029094270650 /* [CP] Copy Pods Resources */,
			);
			buildRules = (
			);
			dependencies = (
				42A9455C1F3D8DC5007C65A3 /* PBXTargetDependency */,
			);
			name = ExampleUITests;
			productName = ExampleUITests;
			productReference = 42A9455A1F3D8DC5007C65A3 /* ExampleUITests.xctest */;
			productType = "com.apple.product-type.bundle.ui-testing";
		};
/* End PBXNativeTarget section */

/* Begin PBXProject section */
		42A9453E1F3D8DC4007C65A3 /* Project object */ = {
			isa = PBXProject;
			attributes = {
				LastSwiftUpdateCheck = 0830;
				LastUpgradeCheck = 0830;
				ORGANIZATIONNAME = wangyanqing;
				TargetAttributes = {
					42A945451F3D8DC4007C65A3 = {
						CreatedOnToolsVersion = 8.3.3;
						DevelopmentTeam = 5Q9ND5YMMT;
						ProvisioningStyle = Automatic;
					};
					42A945591F3D8DC5007C65A3 = {
						CreatedOnToolsVersion = 8.3.3;
						DevelopmentTeam = 5Q9ND5YMMT;
						ProvisioningStyle = Automatic;
						TestTargetID = 42A945451F3D8DC4007C65A3;
					};
				};
			};
			buildConfigurationList = 42A945411F3D8DC4007C65A3 /* Build configuration list for PBXProject "Example" */;
			compatibilityVersion = "Xcode 3.2";
			developmentRegion = English;
			hasScannedForEncodings = 0;
			knownRegions = (
				en,
				Base,
			);
			mainGroup = 42A9453D1F3D8DC4007C65A3;
			productRefGroup = 42A945471F3D8DC4007C65A3 /* Products */;
			projectDirPath = "";
			projectRoot = "";
			targets = (
				42A945451F3D8DC4007C65A3 /* Example */,
				42A945591F3D8DC5007C65A3 /* ExampleUITests */,
			);
		};
/* End PBXProject section */

/* Begin PBXResourcesBuildPhase section */
		42A945441F3D8DC4007C65A3 /* Resources */ = {
			isa = PBXResourcesBuildPhase;
			buildActionMask = 2147483647;
			files = (
				42A945841F3DA792007C65A3 /* ExampleTableViewCell.xib in Resources */,
				42A9457F1F3DA792007C65A3 /* LaunchScreen.xib in Resources */,
				42A945801F3DA792007C65A3 /* Main.storyboard in Resources */,
				42A945541F3D8DC4007C65A3 /* LaunchScreen.storyboard in Resources */,
				42A945811F3DA792007C65A3 /* Images.xcassets in Resources */,
				42A945511F3D8DC4007C65A3 /* Assets.xcassets in Resources */,
				42A9454F1F3D8DC4007C65A3 /* Main.storyboard in Resources */,
				42A945821F3DA792007C65A3 /* Info.plist in Resources */,
			);
			runOnlyForDeploymentPostprocessing = 0;
		};
		42A945581F3D8DC5007C65A3 /* Resources */ = {
			isa = PBXResourcesBuildPhase;
			buildActionMask = 2147483647;
			files = (
			);
			runOnlyForDeploymentPostprocessing = 0;
		};
/* End PBXResourcesBuildPhase section */

/* Begin PBXShellScriptBuildPhase section */
		26688DCE6437405CB3B9E9E1 /* [CP] Copy Pods Resources */ = {
			isa = PBXShellScriptBuildPhase;
			buildActionMask = 2147483647;
			files = (
			);
			inputPaths = (
			);
			name = "[CP] Copy Pods Resources";
			outputPaths = (
			);
			runOnlyForDeploymentPostprocessing = 0;
			shellPath = /bin/sh;
			shellScript = "\"${SRCROOT}/Pods/Target Support Files/Pods-Example/Pods-Example-resources.sh\"\n";
			showEnvVarsInLog = 0;
		};
		41EE9D4A02C674703D0B0321 /* [CP] Check Pods Manifest.lock */ = {
			isa = PBXShellScriptBuildPhase;
			buildActionMask = 2147483647;
			files = (
			);
			inputPaths = (
				"${PODS_PODFILE_DIR_PATH}/Podfile.lock",
				"${PODS_ROOT}/Manifest.lock",
			);
			name = "[CP] Check Pods Manifest.lock";
			outputPaths = (
				"$(DERIVED_FILE_DIR)/Pods-Example-checkManifestLockResult.txt",
			);
			runOnlyForDeploymentPostprocessing = 0;
			shellPath = /bin/sh;
			shellScript = "diff \"${PODS_PODFILE_DIR_PATH}/Podfile.lock\" \"${PODS_ROOT}/Manifest.lock\" > /dev/null\nif [ $? != 0 ] ; then\n    # print error to STDERR\n    echo \"error: The sandbox is not in sync with the Podfile.lock. Run 'pod install' or update your CocoaPods installation.\" >&2\n    exit 1\nfi\n# This output is used by Xcode 'outputs' to avoid re-running this script phase.\necho \"SUCCESS\" > \"${SCRIPT_OUTPUT_FILE_0}\"\n";
			showEnvVarsInLog = 0;
		};
		C2FC80F43293E6E50DC25F9A /* [CP] Embed Pods Frameworks */ = {
			isa = PBXShellScriptBuildPhase;
			buildActionMask = 2147483647;
			files = (
			);
			inputPaths = (
			);
			name = "[CP] Embed Pods Frameworks";
			outputPaths = (
			);
			runOnlyForDeploymentPostprocessing = 0;
			shellPath = /bin/sh;
			shellScript = "\"${SRCROOT}/Pods/Target Support Files/Pods-ExampleUITests/Pods-ExampleUITests-frameworks.sh\"\n";
			showEnvVarsInLog = 0;
		};
		D4E1BA4786416DD6F5CDF7E0 /* [CP] Embed Pods Frameworks */ = {
			isa = PBXShellScriptBuildPhase;
			buildActionMask = 2147483647;
			files = (
			);
			inputPaths = (
				"${SRCROOT}/Pods/Target Support Files/Pods-Example/Pods-Example-frameworks.sh",
				"${BUILT_PRODUCTS_DIR}/WYQPlacehold/WYQPlacehold.framework",
			);
			name = "[CP] Embed Pods Frameworks";
			outputPaths = (
				"${TARGET_BUILD_DIR}/${FRAMEWORKS_FOLDER_PATH}/WYQPlacehold.framework",
			);
			runOnlyForDeploymentPostprocessing = 0;
			shellPath = /bin/sh;
			shellScript = "\"${SRCROOT}/Pods/Target Support Files/Pods-Example/Pods-Example-frameworks.sh\"\n";
			showEnvVarsInLog = 0;
		};
		D52BDD815670029094270650 /* [CP] Copy Pods Resources */ = {
			isa = PBXShellScriptBuildPhase;
			buildActionMask = 2147483647;
			files = (
			);
			inputPaths = (
			);
			name = "[CP] Copy Pods Resources";
			outputPaths = (
			);
			runOnlyForDeploymentPostprocessing = 0;
			shellPath = /bin/sh;
			shellScript = "\"${SRCROOT}/Pods/Target Support Files/Pods-ExampleUITests/Pods-ExampleUITests-resources.sh\"\n";
			showEnvVarsInLog = 0;
		};
		F88BF5B48A0A37148F82ADE0 /* [CP] Check Pods Manifest.lock */ = {
			isa = PBXShellScriptBuildPhase;
			buildActionMask = 2147483647;
			files = (
			);
			inputPaths = (
				"${PODS_PODFILE_DIR_PATH}/Podfile.lock",
				"${PODS_ROOT}/Manifest.lock",
			);
			name = "[CP] Check Pods Manifest.lock";
			outputPaths = (
				"$(DERIVED_FILE_DIR)/Pods-ExampleUITests-checkManifestLockResult.txt",
			);
			runOnlyForDeploymentPostprocessing = 0;
			shellPath = /bin/sh;
			shellScript = "diff \"${PODS_PODFILE_DIR_PATH}/Podfile.lock\" \"${PODS_ROOT}/Manifest.lock\" > /dev/null\nif [ $? != 0 ] ; then\n    # print error to STDERR\n    echo \"error: The sandbox is not in sync with the Podfile.lock. Run 'pod install' or update your CocoaPods installation.\" >&2\n    exit 1\nfi\n# This output is used by Xcode 'outputs' to avoid re-running this script phase.\necho \"SUCCESS\" > \"${SCRIPT_OUTPUT_FILE_0}\"\n";
			showEnvVarsInLog = 0;
		};
/* End PBXShellScriptBuildPhase section */

/* Begin PBXSourcesBuildPhase section */
		42A945421F3D8DC4007C65A3 /* Sources */ = {
			isa = PBXSourcesBuildPhase;
			buildActionMask = 2147483647;
			files = (
				42A9457E1F3DA792007C65A3 /* PlaceholdersProvider.swift in Sources */,
				42A9457B1F3DA792007C65A3 /* AppDelegate.swift in Sources */,
				42A9457C1F3DA792007C65A3 /* BasicCollectionViewCell.swift in Sources */,
				42A945851F3DA792007C65A3 /* TableViewController.swift in Sources */,
				42A9454C1F3D8DC4007C65A3 /* ViewController.swift in Sources */,
				42A945831F3DA792007C65A3 /* ExampleTableViewCell.swift in Sources */,
				42A9454A1F3D8DC4007C65A3 /* AppDelegate.swift in Sources */,
				42A9457D1F3DA792007C65A3 /* CollectionViewController.swift in Sources */,
			);
			runOnlyForDeploymentPostprocessing = 0;
		};
		42A945561F3D8DC5007C65A3 /* Sources */ = {
			isa = PBXSourcesBuildPhase;
			buildActionMask = 2147483647;
			files = (
				42A9455F1F3D8DC5007C65A3 /* ExampleUITests.swift in Sources */,
			);
			runOnlyForDeploymentPostprocessing = 0;
		};
/* End PBXSourcesBuildPhase section */

/* Begin PBXTargetDependency section */
		42A9455C1F3D8DC5007C65A3 /* PBXTargetDependency */ = {
			isa = PBXTargetDependency;
			target = 42A945451F3D8DC4007C65A3 /* Example */;
			targetProxy = 42A9455B1F3D8DC5007C65A3 /* PBXContainerItemProxy */;
		};
/* End PBXTargetDependency section */

/* Begin PBXVariantGroup section */
		42A9454D1F3D8DC4007C65A3 /* Main.storyboard */ = {
			isa = PBXVariantGroup;
			children = (
				42A9454E1F3D8DC4007C65A3 /* Base */,
			);
			name = Main.storyboard;
			sourceTree = "<group>";
		};
		42A945521F3D8DC4007C65A3 /* LaunchScreen.storyboard */ = {
			isa = PBXVariantGroup;
			children = (
				42A945531F3D8DC4007C65A3 /* Base */,
			);
			name = LaunchScreen.storyboard;
			sourceTree = "<group>";
		};
		42A945711F3DA792007C65A3 /* LaunchScreen.xib */ = {
			isa = PBXVariantGroup;
			children = (
				42A945721F3DA792007C65A3 /* Base */,
			);
			name = LaunchScreen.xib;
			sourceTree = "<group>";
		};
		42A945731F3DA792007C65A3 /* Main.storyboard */ = {
			isa = PBXVariantGroup;
			children = (
				42A945741F3DA792007C65A3 /* Base */,
			);
			name = Main.storyboard;
			sourceTree = "<group>";
		};
/* End PBXVariantGroup section */

/* Begin XCBuildConfiguration section */
		42A945611F3D8DC5007C65A3 /* Debug */ = {
			isa = XCBuildConfiguration;
			buildSettings = {
				ALWAYS_SEARCH_USER_PATHS = NO;
				CLANG_ANALYZER_NONNULL = YES;
				CLANG_ANALYZER_NUMBER_OBJECT_CONVERSION = YES_AGGRESSIVE;
				CLANG_CXX_LANGUAGE_STANDARD = "gnu++0x";
				CLANG_CXX_LIBRARY = "libc++";
				CLANG_ENABLE_MODULES = YES;
				CLANG_ENABLE_OBJC_ARC = YES;
				CLANG_WARN_BOOL_CONVERSION = YES;
				CLANG_WARN_CONSTANT_CONVERSION = YES;
				CLANG_WARN_DIRECT_OBJC_ISA_USAGE = YES_ERROR;
				CLANG_WARN_DOCUMENTATION_COMMENTS = YES;
				CLANG_WARN_EMPTY_BODY = YES;
				CLANG_WARN_ENUM_CONVERSION = YES;
				CLANG_WARN_INFINITE_RECURSION = YES;
				CLANG_WARN_INT_CONVERSION = YES;
				CLANG_WARN_OBJC_ROOT_CLASS = YES_ERROR;
				CLANG_WARN_SUSPICIOUS_MOVE = YES;
				CLANG_WARN_UNREACHABLE_CODE = YES;
				CLANG_WARN__DUPLICATE_METHOD_MATCH = YES;
				"CODE_SIGN_IDENTITY[sdk=iphoneos*]" = "iPhone Developer";
				COPY_PHASE_STRIP = NO;
				DEBUG_INFORMATION_FORMAT = dwarf;
				ENABLE_STRICT_OBJC_MSGSEND = YES;
				ENABLE_TESTABILITY = YES;
				GCC_C_LANGUAGE_STANDARD = gnu99;
				GCC_DYNAMIC_NO_PIC = NO;
				GCC_NO_COMMON_BLOCKS = YES;
				GCC_OPTIMIZATION_LEVEL = 0;
				GCC_PREPROCESSOR_DEFINITIONS = (
					"DEBUG=1",
					"$(inherited)",
				);
				GCC_WARN_64_TO_32_BIT_CONVERSION = YES;
				GCC_WARN_ABOUT_RETURN_TYPE = YES_ERROR;
				GCC_WARN_UNDECLARED_SELECTOR = YES;
				GCC_WARN_UNINITIALIZED_AUTOS = YES_AGGRESSIVE;
				GCC_WARN_UNUSED_FUNCTION = YES;
				GCC_WARN_UNUSED_VARIABLE = YES;
				IPHONEOS_DEPLOYMENT_TARGET = 10.3;
				MTL_ENABLE_DEBUG_INFO = YES;
				ONLY_ACTIVE_ARCH = YES;
				SDKROOT = iphoneos;
				SWIFT_ACTIVE_COMPILATION_CONDITIONS = DEBUG;
				SWIFT_OPTIMIZATION_LEVEL = "-Onone";
			};
			name = Debug;
		};
		42A945621F3D8DC5007C65A3 /* Release */ = {
			isa = XCBuildConfiguration;
			buildSettings = {
				ALWAYS_SEARCH_USER_PATHS = NO;
				CLANG_ANALYZER_NONNULL = YES;
				CLANG_ANALYZER_NUMBER_OBJECT_CONVERSION = YES_AGGRESSIVE;
				CLANG_CXX_LANGUAGE_STANDARD = "gnu++0x";
				CLANG_CXX_LIBRARY = "libc++";
				CLANG_ENABLE_MODULES = YES;
				CLANG_ENABLE_OBJC_ARC = YES;
				CLANG_WARN_BOOL_CONVERSION = YES;
				CLANG_WARN_CONSTANT_CONVERSION = YES;
				CLANG_WARN_DIRECT_OBJC_ISA_USAGE = YES_ERROR;
				CLANG_WARN_DOCUMENTATION_COMMENTS = YES;
				CLANG_WARN_EMPTY_BODY = YES;
				CLANG_WARN_ENUM_CONVERSION = YES;
				CLANG_WARN_INFINITE_RECURSION = YES;
				CLANG_WARN_INT_CONVERSION = YES;
				CLANG_WARN_OBJC_ROOT_CLASS = YES_ERROR;
				CLANG_WARN_SUSPICIOUS_MOVE = YES;
				CLANG_WARN_UNREACHABLE_CODE = YES;
				CLANG_WARN__DUPLICATE_METHOD_MATCH = YES;
				"CODE_SIGN_IDENTITY[sdk=iphoneos*]" = "iPhone Developer";
				COPY_PHASE_STRIP = NO;
				DEBUG_INFORMATION_FORMAT = "dwarf-with-dsym";
				ENABLE_NS_ASSERTIONS = NO;
				ENABLE_STRICT_OBJC_MSGSEND = YES;
				GCC_C_LANGUAGE_STANDARD = gnu99;
				GCC_NO_COMMON_BLOCKS = YES;
				GCC_WARN_64_TO_32_BIT_CONVERSION = YES;
				GCC_WARN_ABOUT_RETURN_TYPE = YES_ERROR;
				GCC_WARN_UNDECLARED_SELECTOR = YES;
				GCC_WARN_UNINITIALIZED_AUTOS = YES_AGGRESSIVE;
				GCC_WARN_UNUSED_FUNCTION = YES;
				GCC_WARN_UNUSED_VARIABLE = YES;
				IPHONEOS_DEPLOYMENT_TARGET = 10.3;
				MTL_ENABLE_DEBUG_INFO = NO;
				SDKROOT = iphoneos;
				SWIFT_OPTIMIZATION_LEVEL = "-Owholemodule";
				VALIDATE_PRODUCT = YES;
			};
			name = Release;
		};
		42A945641F3D8DC5007C65A3 /* Debug */ = {
			isa = XCBuildConfiguration;
			baseConfigurationReference = 1AFAAD1F8AF710861ED2D1CF /* Pods-Example.debug.xcconfig */;
			buildSettings = {
				ASSETCATALOG_COMPILER_APPICON_NAME = AppIcon;
				DEVELOPMENT_TEAM = 5Q9ND5YMMT;
				INFOPLIST_FILE = Example/Info.plist;
				LD_RUNPATH_SEARCH_PATHS = "$(inherited) @executable_path/Frameworks";
				PRODUCT_BUNDLE_IDENTIFIER = chuangke.Example;
				PRODUCT_NAME = "$(TARGET_NAME)";
				SWIFT_VERSION = 3.0;
			};
			name = Debug;
		};
		42A945651F3D8DC5007C65A3 /* Release */ = {
			isa = XCBuildConfiguration;
			baseConfigurationReference = A648AEE3763BA6C48E1B9771 /* Pods-Example.release.xcconfig */;
			buildSettings = {
				ASSETCATALOG_COMPILER_APPICON_NAME = AppIcon;
				DEVELOPMENT_TEAM = 5Q9ND5YMMT;
				INFOPLIST_FILE = Example/Info.plist;
				LD_RUNPATH_SEARCH_PATHS = "$(inherited) @executable_path/Frameworks";
				PRODUCT_BUNDLE_IDENTIFIER = chuangke.Example;
				PRODUCT_NAME = "$(TARGET_NAME)";
				SWIFT_VERSION = 3.0;
			};
			name = Release;
		};
		42A945671F3D8DC5007C65A3 /* Debug */ = {
			isa = XCBuildConfiguration;
			baseConfigurationReference = B5921802BD77C6BB0A293AE5 /* Pods-ExampleUITests.debug.xcconfig */;
			buildSettings = {
				ALWAYS_EMBED_SWIFT_STANDARD_LIBRARIES = YES;
				DEVELOPMENT_TEAM = 5Q9ND5YMMT;
				INFOPLIST_FILE = ExampleUITests/Info.plist;
				LD_RUNPATH_SEARCH_PATHS = "$(inherited) @executable_path/Frameworks @loader_path/Frameworks";
				PRODUCT_BUNDLE_IDENTIFIER = chuangke.ExampleUITests;
				PRODUCT_NAME = "$(TARGET_NAME)";
				SWIFT_VERSION = 3.0;
				TEST_TARGET_NAME = Example;
			};
			name = Debug;
		};
		42A945681F3D8DC5007C65A3 /* Release */ = {
			isa = XCBuildConfiguration;
			baseConfigurationReference = 163CD56686E4D3898D4DAA8E /* Pods-ExampleUITests.release.xcconfig */;
			buildSettings = {
				ALWAYS_EMBED_SWIFT_STANDARD_LIBRARIES = YES;
				DEVELOPMENT_TEAM = 5Q9ND5YMMT;
				INFOPLIST_FILE = ExampleUITests/Info.plist;
				LD_RUNPATH_SEARCH_PATHS = "$(inherited) @executable_path/Frameworks @loader_path/Frameworks";
				PRODUCT_BUNDLE_IDENTIFIER = chuangke.ExampleUITests;
				PRODUCT_NAME = "$(TARGET_NAME)";
				SWIFT_VERSION = 3.0;
				TEST_TARGET_NAME = Example;
			};
			name = Release;
		};
/* End XCBuildConfiguration section */

/* Begin XCConfigurationList section */
		42A945411F3D8DC4007C65A3 /* Build configuration list for PBXProject "Example" */ = {
			isa = XCConfigurationList;
			buildConfigurations = (
				42A945611F3D8DC5007C65A3 /* Debug */,
				42A945621F3D8DC5007C65A3 /* Release */,
			);
			defaultConfigurationIsVisible = 0;
			defaultConfigurationName = Release;
		};
		42A945631F3D8DC5007C65A3 /* Build configuration list for PBXNativeTarget "Example" */ = {
			isa = XCConfigurationList;
			buildConfigurations = (
				42A945641F3D8DC5007C65A3 /* Debug */,
				42A945651F3D8DC5007C65A3 /* Release */,
			);
			defaultConfigurationIsVisible = 0;
			defaultConfigurationName = Release;
		};
		42A945661F3D8DC5007C65A3 /* Build configuration list for PBXNativeTarget "ExampleUITests" */ = {
			isa = XCConfigurationList;
			buildConfigurations = (
				42A945671F3D8DC5007C65A3 /* Debug */,
				42A945681F3D8DC5007C65A3 /* Release */,
			);
			defaultConfigurationIsVisible = 0;
			defaultConfigurationName = Release;
		};
/* End XCConfigurationList section */
	};
	rootObject = 42A9453E1F3D8DC4007C65A3 /* Project object */;
}
